// !$*UTF8*$!
{
	archiveVersion = 1;
	classes = {
	};
	objectVersion = 50;
	objects = {

/* Begin PBXBuildFile section */
		CACF18F92524EB0700EACE4B /* AppDelegate.swift in Sources */ = {isa = PBXBuildFile; fileRef = CACF18F82524EB0700EACE4B /* AppDelegate.swift */; };
		CACF18FB2524EB0700EACE4B /* ViewController.swift in Sources */ = {isa = PBXBuildFile; fileRef = CACF18FA2524EB0700EACE4B /* ViewController.swift */; };
		CACF18FE2524EB0700EACE4B /* Main.storyboard in Resources */ = {isa = PBXBuildFile; fileRef = CACF18FC2524EB0700EACE4B /* Main.storyboard */; };
		CACF19002524EB0700EACE4B /* Assets.xcassets in Resources */ = {isa = PBXBuildFile; fileRef = CACF18FF2524EB0700EACE4B /* Assets.xcassets */; };
		CACF19032524EB0700EACE4B /* LaunchScreen.storyboard in Resources */ = {isa = PBXBuildFile; fileRef = CACF19012524EB0700EACE4B /* LaunchScreen.storyboard */; };
		CACF190B2524ED8C00EACE4B /* MapNewClass.swift in Sources */ = {isa = PBXBuildFile; fileRef = CACF190A2524ED8C00EACE4B /* MapNewClass.swift */; };
/* End PBXBuildFile section */

/* Begin PBXFileReference section */
		CACF18F52524EB0700EACE4B /* GitTest10.app */ = {isa = PBXFileReference; explicitFileType = wrapper.application; includeInIndex = 0; path = GitTest10.app; sourceTree = BUILT_PRODUCTS_DIR; };
		CACF18F82524EB0700EACE4B /* AppDelegate.swift */ = {isa = PBXFileReference; lastKnownFileType = sourcecode.swift; path = AppDelegate.swift; sourceTree = "<group>"; };
		CACF18FA2524EB0700EACE4B /* ViewController.swift */ = {isa = PBXFileReference; lastKnownFileType = sourcecode.swift; path = ViewController.swift; sourceTree = "<group>"; };
		CACF18FD2524EB0700EACE4B /* Base */ = {isa = PBXFileReference; lastKnownFileType = file.storyboard; name = Base; path = Base.lproj/Main.storyboard; sourceTree = "<group>"; };
		CACF18FF2524EB0700EACE4B /* Assets.xcassets */ = {isa = PBXFileReference; lastKnownFileType = folder.assetcatalog; path = Assets.xcassets; sourceTree = "<group>"; };
		CACF19022524EB0700EACE4B /* Base */ = {isa = PBXFileReference; lastKnownFileType = file.storyboard; name = Base; path = Base.lproj/LaunchScreen.storyboard; sourceTree = "<group>"; };
		CACF19042524EB0700EACE4B /* Info.plist */ = {isa = PBXFileReference; lastKnownFileType = text.plist.xml; path = Info.plist; sourceTree = "<group>"; };
		CACF190A2524ED8C00EACE4B /* MapNewClass.swift */ = {isa = PBXFileReference; lastKnownFileType = sourcecode.swift; path = MapNewClass.swift; sourceTree = "<group>"; };
/* End PBXFileReference section */

/* Begin PBXFrameworksBuildPhase section */
		CACF18F22524EB0700EACE4B /* Frameworks */ = {
			isa = PBXFrameworksBuildPhase;
			buildActionMask = 2147483647;
			files = (
			);
			runOnlyForDeploymentPostprocessing = 0;
		};
/* End PBXFrameworksBuildPhase section */

/* Begin PBXGroup section */
		CACF18EC2524EB0700EACE4B = {
			isa = PBXGroup;
			children = (
				CACF18F72524EB0700EACE4B /* GitTest10 */,
				CACF18F62524EB0700EACE4B /* Products */,
			);
			sourceTree = "<group>";
		};
		CACF18F62524EB0700EACE4B /* Products */ = {
			isa = PBXGroup;
			children = (
				CACF18F52524EB0700EACE4B /* GitTest10.app */,
			);
			name = Products;
			sourceTree = "<group>";
		};
		CACF18F72524EB0700EACE4B /* GitTest10 */ = {
			isa = PBXGroup;
			children = (
				CACF18F82524EB0700EACE4B /* AppDelegate.swift */,
				CACF18FA2524EB0700EACE4B /* ViewController.swift */,
				CACF18FC2524EB0700EACE4B /* Main.storyboard */,
				CACF18FF2524EB0700EACE4B /* Assets.xcassets */,
				CACF19012524EB0700EACE4B /* LaunchScreen.storyboard */,
				CACF19042524EB0700EACE4B /* Info.plist */,
				CACF190A2524ED8C00EACE4B /* MapNewClass.swift */,
			);
			path = GitTest10;
			sourceTree = "<group>";
		};
/* End PBXGroup section */

/* Begin PBXNativeTarget section */
		CACF18F42524EB0700EACE4B /* GitTest10 */ = {
			isa = PBXNativeTarget;
			buildConfigurationList = CACF19072524EB0700EACE4B /* Build configuration list for PBXNativeTarget "GitTest10" */;
			buildPhases = (
				CACF18F12524EB0700EACE4B /* Sources */,
				CACF18F22524EB0700EACE4B /* Frameworks */,
				CACF18F32524EB0700EACE4B /* Resources */,
			);
			buildRules = (
			);
			dependencies = (
			);
			name = GitTest10;
			productName = GitTest10;
			productReference = CACF18F52524EB0700EACE4B /* GitTest10.app */;
			productType = "com.apple.product-type.application";
		};
/* End PBXNativeTarget section */

/* Begin PBXProject section */
		CACF18ED2524EB0700EACE4B /* Project object */ = {
			isa = PBXProject;
			attributes = {
				LastSwiftUpdateCheck = 1030;
				LastUpgradeCheck = 1030;
				ORGANIZATIONNAME = "Vincent, Jacob M";
				TargetAttributes = {
					CACF18F42524EB0700EACE4B = {
						CreatedOnToolsVersion = 10.3;
					};
				};
			};
			buildConfigurationList = CACF18F02524EB0700EACE4B /* Build configuration list for PBXProject "GitTest10" */;
			compatibilityVersion = "Xcode 9.3";
			developmentRegion = en;
			hasScannedForEncodings = 0;
			knownRegions = (
				en,
				Base,
			);
			mainGroup = CACF18EC2524EB0700EACE4B;
			productRefGroup = CACF18F62524EB0700EACE4B /* Products */;
			projectDirPath = "";
			projectRoot = "";
			targets = (
				CACF18F42524EB0700EACE4B /* GitTest10 */,
			);
		};
/* End PBXProject section */

/* Begin PBXResourcesBuildPhase section */
		CACF18F32524EB0700EACE4B /* Resources */ = {
			isa = PBXResourcesBuildPhase;
			buildActionMask = 2147483647;
			files = (
				CACF19032524EB0700EACE4B /* LaunchScreen.storyboard in Resources */,
				CACF19002524EB0700EACE4B /* Assets.xcassets in Resources */,
				CACF18FE2524EB0700EACE4B /* Main.storyboard in Resources */,
			);
			runOnlyForDeploymentPostprocessing = 0;
		};
/* End PBXResourcesBuildPhase section */

/* Begin PBXSourcesBuildPhase section */
		CACF18F12524EB0700EACE4B /* Sources */ = {
			isa = PBXSourcesBuildPhase;
			buildActionMask = 2147483647;
			files = (
				CACF18FB2524EB0700EACE4B /* ViewController.swift in Sources */,
				CACF190B2524ED8C00EACE4B /* MapNewClass.swift in Sources */,
				CACF18F92524EB0700EACE4B /* AppDelegate.swift in Sources */,
			);
			runOnlyForDeploymentPostprocessing = 0;
		};
/* End PBXSourcesBuildPhase section */

/* Begin PBXVariantGroup section */
		CACF18FC2524EB0700EACE4B /* Main.storyboard */ = {
			isa = PBXVariantGroup;
			children = (
				CACF18FD2524EB0700EACE4B /* Base */,
			);
			name = Main.storyboard;
			sourceTree = "<group>";
		};
		CACF19012524EB0700EACE4B /* LaunchScreen.storyboard */ = {
			isa = PBXVariantGroup;
			children = (
				CACF19022524EB0700EACE4B /* Base */,
			);
			name = LaunchScreen.storyboard;
			sourceTree = "<group>";
		};
/* End PBXVariantGroup section */

/* Begin XCBuildConfiguration section */
		CACF19052524EB0700EACE4B /* Debug */ = {
			isa = XCBuildConfiguration;
			buildSettings = {
				ALWAYS_SEARCH_USER_PATHS = NO;
				CLANG_ANALYZER_NONNULL = YES;
				CLANG_ANALYZER_NUMBER_OBJECT_CONVERSION = YES_AGGRESSIVE;
				CLANG_CXX_LANGUAGE_STANDARD = "gnu++14";
				CLANG_CXX_LIBRARY = "libc++";
				CLANG_ENABLE_MODULES = YES;
				CLANG_ENABLE_OBJC_ARC = YES;
				CLANG_ENABLE_OBJC_WEAK = YES;
				CLANG_WARN_BLOCK_CAPTURE_AUTORELEASING = YES;
				CLANG_WARN_BOOL_CONVERSION = YES;
				CLANG_WARN_COMMA = YES;
				CLANG_WARN_CONSTANT_CONVERSION = YES;
				CLANG_WARN_DEPRECATED_OBJC_IMPLEMENTATIONS = YES;
				CLANG_WARN_DIRECT_OBJC_ISA_USAGE = YES_ERROR;
				CLANG_WARN_DOCUMENTATION_COMMENTS = YES;
				CLANG_WARN_EMPTY_BODY = YES;
				CLANG_WARN_ENUM_CONVERSION = YES;
				CLANG_WARN_INFINITE_RECURSION = YES;
				CLANG_WARN_INT_CONVERSION = YES;
				CLANG_WARN_NON_LITERAL_NULL_CONVERSION = YES;
				CLANG_WARN_OBJC_IMPLICIT_RETAIN_SELF = YES;
				CLANG_WARN_OBJC_LITERAL_CONVERSION = YES;
				CLANG_WARN_OBJC_ROOT_CLASS = YES_ERROR;
				CLANG_WARN_RANGE_LOOP_ANALYSIS = YES;
				CLANG_WARN_STRICT_PROTOTYPES = YES;
				CLANG_WARN_SUSPICIOUS_MOVE = YES;
				CLANG_WARN_UNGUARDED_AVAILABILITY = YES_AGGRESSIVE;
				CLANG_WARN_UNREACHABLE_CODE = YES;
				CLANG_WARN__DUPLICATE_METHOD_MATCH = YES;
				CODE_SIGN_IDENTITY = "iPhone Developer";
				COPY_PHASE_STRIP = NO;
				DEBUG_INFORMATION_FORMAT = dwarf;
				ENABLE_STRICT_OBJC_MSGSEND = YES;
				ENABLE_TESTABILITY = YES;
				GCC_C_LANGUAGE_STANDARD = gnu11;
				GCC_DYNAMIC_NO_PIC = NO;
				GCC_NO_COMMON_BLOCKS = YES;
				GCC_OPTIMIZATION_LEVEL = 0;
				GCC_PREPROCESSOR_DEFINITIONS = (
					"DEBUG=1",
					"$(inherited)",
				);
				GCC_WARN_64_TO_32_BIT_CONVERSION = YES;
				GCC_WARN_ABOUT_RETURN_TYPE = YES_ERROR;
				GCC_WARN_UNDECLARED_SELECTOR = YES;
				GCC_WARN_UNINITIALIZED_AUTOS = YES_AGGRESSIVE;
				GCC_WARN_UNUSED_FUNCTION = YES;
				GCC_WARN_UNUSED_VARIABLE = YES;
				IPHONEOS_DEPLOYMENT_TARGET = 12.4;
				MTL_ENABLE_DEBUG_INFO = INCLUDE_SOURCE;
				MTL_FAST_MATH = YES;
				ONLY_ACTIVE_ARCH = YES;
				SDKROOT = iphoneos;
				SWIFT_ACTIVE_COMPILATION_CONDITIONS = DEBUG;
				SWIFT_OPTIMIZATION_LEVEL = "-Onone";
			};
			name = Debug;
		};
		CACF19062524EB0700EACE4B /* Release */ = {
			isa = XCBuildConfiguration;
			buildSettings = {
				ALWAYS_SEARCH_USER_PATHS = NO;
				CLANG_ANALYZER_NONNULL = YES;
				CLANG_ANALYZER_NUMBER_OBJECT_CONVERSION = YES_AGGRESSIVE;
				CLANG_CXX_LANGUAGE_STANDARD = "gnu++14";
				CLANG_CXX_LIBRARY = "libc++";
				CLANG_ENABLE_MODULES = YES;
				CLANG_ENABLE_OBJC_ARC = YES;
				CLANG_ENABLE_OBJC_WEAK = YES;
				CLANG_WARN_BLOCK_CAPTURE_AUTORELEASING = YES;
				CLANG_WARN_BOOL_CONVERSION = YES;
				CLANG_WARN_COMMA = YES;
				CLANG_WARN_CONSTANT_CONVERSION = YES;
				CLANG_WARN_DEPRECATED_OBJC_IMPLEMENTATIONS = YES;
				CLANG_WARN_DIRECT_OBJC_ISA_USAGE = YES_ERROR;
				CLANG_WARN_DOCUMENTATION_COMMENTS = YES;
				CLANG_WARN_EMPTY_BODY = YES;
				CLANG_WARN_ENUM_CONVERSION = YES;
				CLANG_WARN_INFINITE_RECURSION = YES;
				CLANG_WARN_INT_CONVERSION = YES;
				CLANG_WARN_NON_LITERAL_NULL_CONVERSION = YES;
				CLANG_WARN_OBJC_IMPLICIT_RETAIN_SELF = YES;
				CLANG_WARN_OBJC_LITERAL_CONVERSION = YES;
				CLANG_WARN_OBJC_ROOT_CLASS = YES_ERROR;
				CLANG_WARN_RANGE_LOOP_ANALYSIS = YES;
				CLANG_WARN_STRICT_PROTOTYPES = YES;
				CLANG_WARN_SUSPICIOUS_MOVE = YES;
				CLANG_WARN_UNGUARDED_AVAILABILITY = YES_AGGRESSIVE;
				CLANG_WARN_UNREACHABLE_CODE = YES;
				CLANG_WARN__DUPLICATE_METHOD_MATCH = YES;
				CODE_SIGN_IDENTITY = "iPhone Developer";
				COPY_PHASE_STRIP = NO;
				DEBUG_INFORMATION_FORMAT = "dwarf-with-dsym";
				ENABLE_NS_ASSERTIONS = NO;
				ENABLE_STRICT_OBJC_MSGSEND = YES;
				GCC_C_LANGUAGE_STANDARD = gnu11;
				GCC_NO_COMMON_BLOCKS = YES;
				GCC_WARN_64_TO_32_BIT_CONVERSION = YES;
				GCC_WARN_ABOUT_RETURN_TYPE = YES_ERROR;
				GCC_WARN_UNDECLARED_SELECTOR = YES;
				GCC_WARN_UNINITIALIZED_AUTOS = YES_AGGRESSIVE;
				GCC_WARN_UNUSED_FUNCTION = YES;
				GCC_WARN_UNUSED_VARIABLE = YES;
				IPHONEOS_DEPLOYMENT_TARGET = 12.4;
				MTL_ENABLE_DEBUG_INFO = NO;
				MTL_FAST_MATH = YES;
				SDKROOT = iphoneos;
				SWIFT_COMPILATION_MODE = wholemodule;
				SWIFT_OPTIMIZATION_LEVEL = "-O";
				VALIDATE_PRODUCT = YES;
			};
			name = Release;
		};
		CACF19082524EB0700EACE4B /* Debug */ = {
			isa = XCBuildConfiguration;
			buildSettings = {
				ASSETCATALOG_COMPILER_APPICON_NAME = AppIcon;
				CODE_SIGN_STYLE = Automatic;
				INFOPLIST_FILE = GitTest10/Info.plist;
				LD_RUNPATH_SEARCH_PATHS = (
					"$(inherited)",
					"@executable_path/Frameworks",
				);
				PRODUCT_BUNDLE_IDENTIFIER = org.friscoisd.k12.GitTest10;
				PRODUCT_NAME = "$(TARGET_NAME)";
				SWIFT_VERSION = 5.0;
				TARGETED_DEVICE_FAMILY = "1,2";
			};
			name = Debug;
		};
		CACF19092524EB0700EACE4B /* Release */ = {
			isa = XCBuildConfiguration;
			buildSettings = {
				ASSETCATALOG_COMPILER_APPICON_NAME = AppIcon;
				CODE_SIGN_STYLE = Automatic;
				INFOPLIST_FILE = GitTest10/Info.plist;
				LD_RUNPATH_SEARCH_PATHS = (
					"$(inherited)",
					"@executable_path/Frameworks",
				);
				PRODUCT_BUNDLE_IDENTIFIER = org.friscoisd.k12.GitTest10;
				PRODUCT_NAME = "$(TARGET_NAME)";
				SWIFT_VERSION = 5.0;
				TARGETED_DEVICE_FAMILY = "1,2";
			};
			name = Release;
		};
/* End XCBuildConfiguration section */

/* Begin XCConfigurationList section */
		CACF18F02524EB0700EACE4B /* Build configuration list for PBXProject "GitTest10" */ = {
			isa = XCConfigurationList;
			buildConfigurations = (
				CACF19052524EB0700EACE4B /* Debug */,
				CACF19062524EB0700EACE4B /* Release */,
			);
			defaultConfigurationIsVisible = 0;
			defaultConfigurationName = Release;
		};
		CACF19072524EB0700EACE4B /* Build configuration list for PBXNativeTarget "GitTest10" */ = {
			isa = XCConfigurationList;
			buildConfigurations = (
				CACF19082524EB0700EACE4B /* Debug */,
				CACF19092524EB0700EACE4B /* Release */,
			);
			defaultConfigurationIsVisible = 0;
			defaultConfigurationName = Release;
		};
/* End XCConfigurationList section */
	};
	rootObject = CACF18ED2524EB0700EACE4B /* Project object */;
}
